{
  "name": "virtual-background-simulator",
  "version": "1.0.0",
  "lockfileVersion": 3,
  "requires": true,
  "packages": {
    "": {
      "name": "virtual-background-simulator",
      "version": "1.0.0",
      "license": "ISC",
      "dependencies": {
        "virtual-background-simulator": "file:"
      }
    },
    "node_modules/virtual-background-simulator": {
      "resolved": "",
      "link": true
    }
  }
}
